
Microsoft Visual Studio Solution File, Format Version 12.00
# Visual Studio Version 16
VisualStudioVersion = 16.0.29424.173
MinimumVisualStudioVersion = 10.0.40219.1
Project("{FAE04EC0-301F-11D3-BF4B-00C04F79EFBC}") = "ShopF2019", "ShopF2019\ShopF2019.csproj", "{A7186279-39A1-4568-9EFD-16E48689621C}"
EndProject
Global
	GlobalSection(SolutionConfigurationPlatforms) = preSolution
		Debug|Any CPU = Debug|Any CPU
		Release|Any CPU = Release|Any CPU
	EndGlobalSection
	GlobalSection(ProjectConfigurationPlatforms) = postSolution
		{A7186279-39A1-4568-9EFD-16E48689621C}.Debug|Any CPU.ActiveCfg = Debug|Any CPU
		{A7186279-39A1-4568-9EFD-16E48689621C}.Debug|Any CPU.Build.0 = Debug|Any CPU
		{A7186279-39A1-4568-9EFD-16E48689621C}.Release|Any CPU.ActiveCfg = Release|Any CPU
		{A7186279-39A1-4568-9EFD-16E48689621C}.Release|Any CPU.Build.0 = Release|Any CPU
	EndGlobalSection
	GlobalSection(SolutionProperties) = preSolution
		HideSolutionNode = FALSE
	EndGlobalSection
	GlobalSection(ExtensibilityGlobals) = postSolution
		SolutionGuid = {FBDFF5AD-9CB9-45B8-BD59-16EEA10E06C6}
	EndGlobalSection
EndGlobal
